
Microsoft Visual Studio Solution File, Format Version 12.00
# Visual Studio Version 17
VisualStudioVersion = 17.7.34202.233
MinimumVisualStudioVersion = 10.0.40219.1
Project("{FAE04EC0-301F-11D3-BF4B-00C04F79EFBC}") = "CorreosInstitucionales.Server", "CorreosInstitucionales\Server\CorreosInstitucionales.Server.csproj", "{8EC0F1EF-481F-4001-AA63-328E23C45A93}"
EndProject
Project("{FAE04EC0-301F-11D3-BF4B-00C04F79EFBC}") = "CorreosInstitucionales.Client", "CorreosInstitucionales\Client\CorreosInstitucionales.Client.csproj", "{54F1FA34-4130-4553-9B39-EA4B83F9646F}"
EndProject
Project("{FAE04EC0-301F-11D3-BF4B-00C04F79EFBC}") = "CorreosInstitucionales.Shared", "CorreosInstitucionales\Shared\CorreosInstitucionales.Shared.csproj", "{18CB0D77-534D-4E95-8551-F4FFACC13EF4}"
EndProject
Global
	GlobalSection(SolutionConfigurationPlatforms) = preSolution
		Debug|Any CPU = Debug|Any CPU
		Release|Any CPU = Release|Any CPU
	EndGlobalSection
	GlobalSection(ProjectConfigurationPlatforms) = postSolution
		{8EC0F1EF-481F-4001-AA63-328E23C45A93}.Debug|Any CPU.ActiveCfg = Debug|Any CPU
		{8EC0F1EF-481F-4001-AA63-328E23C45A93}.Debug|Any CPU.Build.0 = Debug|Any CPU
		{8EC0F1EF-481F-4001-AA63-328E23C45A93}.Release|Any CPU.ActiveCfg = Release|Any CPU
		{8EC0F1EF-481F-4001-AA63-328E23C45A93}.Release|Any CPU.Build.0 = Release|Any CPU
		{54F1FA34-4130-4553-9B39-EA4B83F9646F}.Debug|Any CPU.ActiveCfg = Debug|Any CPU
		{54F1FA34-4130-4553-9B39-EA4B83F9646F}.Debug|Any CPU.Build.0 = Debug|Any CPU
		{54F1FA34-4130-4553-9B39-EA4B83F9646F}.Release|Any CPU.ActiveCfg = Release|Any CPU
		{54F1FA34-4130-4553-9B39-EA4B83F9646F}.Release|Any CPU.Build.0 = Release|Any CPU
		{18CB0D77-534D-4E95-8551-F4FFACC13EF4}.Debug|Any CPU.ActiveCfg = Debug|Any CPU
		{18CB0D77-534D-4E95-8551-F4FFACC13EF4}.Debug|Any CPU.Build.0 = Debug|Any CPU
		{18CB0D77-534D-4E95-8551-F4FFACC13EF4}.Release|Any CPU.ActiveCfg = Release|Any CPU
		{18CB0D77-534D-4E95-8551-F4FFACC13EF4}.Release|Any CPU.Build.0 = Release|Any CPU
	EndGlobalSection
	GlobalSection(SolutionProperties) = preSolution
		HideSolutionNode = FALSE
	EndGlobalSection
	GlobalSection(ExtensibilityGlobals) = postSolution
		SolutionGuid = {62025EC7-B3AC-48D2-8A51-2256C17A7561}
	EndGlobalSection
EndGlobal
